
Microsoft Visual Studio Solution File, Format Version 12.00
# Visual Studio Version 17
VisualStudioVersion = 17.0.31903.59
MinimumVisualStudioVersion = 10.0.40219.1
Project("{2150E333-8FDC-42A3-9474-1A3956D46DE8}") = "int-auto", "int-auto", "{A466E293-658F-4140-A9A7-8876274348E5}"
EndProject
Project("{2150E333-8FDC-42A3-9474-1A3956D46DE8}") = "src", "src", "{5B2B2B81-5875-4E05-AD33-6E519DB58D3F}"
EndProject
Project("{2150E333-8FDC-42A3-9474-1A3956D46DE8}") = "samples", "samples", "{324895AD-4248-482F-BFD9-C6E4CB07003E}"
EndProject
Project("{FAE04EC0-301F-11D3-BF4B-00C04F79EFBC}") = "Blazor.RenderAuto.WebApp.Client", "samples\int-auto\Blazor.RenderAuto.WebApp.Client\Blazor.RenderAuto.WebApp.Client.csproj", "{F9CE5DB0-9E0D-4825-9205-47709A512554}"
EndProject
Project("{FAE04EC0-301F-11D3-BF4B-00C04F79EFBC}") = "Blazor.RenderAuto.WebApp", "samples\int-auto\Blazor.RenderAuto.WebApp\Blazor.RenderAuto.WebApp.csproj", "{D262BC3A-E204-419A-AE02-F6C0A24CB81A}"
EndProject
Project("{FAE04EC0-301F-11D3-BF4B-00C04F79EFBC}") = "Auth0.AspNetCore.Authentication.Custom", "src\Auth0.AspNetCore.Authentication.Custom\Auth0.AspNetCore.Authentication.Custom.csproj", "{AE576FB7-6111-4651-ACBC-9D3FC882F68E}"
EndProject
Global
	GlobalSection(SolutionConfigurationPlatforms) = preSolution
		Debug|Any CPU = Debug|Any CPU
		Release|Any CPU = Release|Any CPU
	EndGlobalSection
	GlobalSection(ProjectConfigurationPlatforms) = postSolution
		{F9CE5DB0-9E0D-4825-9205-47709A512554}.Debug|Any CPU.ActiveCfg = Debug|Any CPU
		{F9CE5DB0-9E0D-4825-9205-47709A512554}.Debug|Any CPU.Build.0 = Debug|Any CPU
		{F9CE5DB0-9E0D-4825-9205-47709A512554}.Release|Any CPU.ActiveCfg = Release|Any CPU
		{F9CE5DB0-9E0D-4825-9205-47709A512554}.Release|Any CPU.Build.0 = Release|Any CPU
		{D262BC3A-E204-419A-AE02-F6C0A24CB81A}.Debug|Any CPU.ActiveCfg = Debug|Any CPU
		{D262BC3A-E204-419A-AE02-F6C0A24CB81A}.Debug|Any CPU.Build.0 = Debug|Any CPU
		{D262BC3A-E204-419A-AE02-F6C0A24CB81A}.Release|Any CPU.ActiveCfg = Release|Any CPU
		{D262BC3A-E204-419A-AE02-F6C0A24CB81A}.Release|Any CPU.Build.0 = Release|Any CPU
		{AE576FB7-6111-4651-ACBC-9D3FC882F68E}.Debug|Any CPU.ActiveCfg = Debug|Any CPU
		{AE576FB7-6111-4651-ACBC-9D3FC882F68E}.Debug|Any CPU.Build.0 = Debug|Any CPU
		{AE576FB7-6111-4651-ACBC-9D3FC882F68E}.Release|Any CPU.ActiveCfg = Release|Any CPU
		{AE576FB7-6111-4651-ACBC-9D3FC882F68E}.Release|Any CPU.Build.0 = Release|Any CPU
	EndGlobalSection
	GlobalSection(SolutionProperties) = preSolution
		HideSolutionNode = FALSE
	EndGlobalSection
	GlobalSection(NestedProjects) = preSolution
		{A466E293-658F-4140-A9A7-8876274348E5} = {324895AD-4248-482F-BFD9-C6E4CB07003E}
		{F9CE5DB0-9E0D-4825-9205-47709A512554} = {A466E293-658F-4140-A9A7-8876274348E5}
		{D262BC3A-E204-419A-AE02-F6C0A24CB81A} = {A466E293-658F-4140-A9A7-8876274348E5}
		{AE576FB7-6111-4651-ACBC-9D3FC882F68E} = {5B2B2B81-5875-4E05-AD33-6E519DB58D3F}
	EndGlobalSection
EndGlobal
